#MicroXplorer Configuration settings - do not modify
Mcu.Family=STM32F7
ProjectManager.MainLocation=Core/Src
RCC.I2SFreq_Value=96000000
RCC.PLLQoutputFreq_Value=100000000
RCC.USART1Freq_Value=50000000
ProjectManager.ProjectFileName=MPU6050_Lib.ioc
RCC.SAI1Freq_Value=96000000
RCC.CortexFreq_Value=100000000
I2C4.I2C_Speed_Mode=I2C_Fast
RCC.UART7Freq_Value=25000000
ProjectManager.KeepUserCode=true
Mcu.UserName=STM32F767ZITx
Mcu.PinsNb=6
ProjectManager.NoMain=false
RCC.PLLCLKFreq_Value=100000000
RCC.PLLRFreq_Value=100000000
RCC.PLLQCLKFreq_Value=100000000
USART3.VirtualMode-Multiprocessor_communication=VM_ASYNC
ProjectManager.functionlistsort=1-MX_GPIO_Init-GPIO-false-HAL-true,2-SystemClock_Config-RCC-false-HAL-false,3-MX_I2C4_Init-I2C4-false-HAL-true,4-MX_USART3_UART_Init-USART3-false-HAL-true
PD8.Locked=true
ProjectManager.DefaultFWLocation=true
PD9.Signal=USART3_RX
RCC.PLLI2SRCLKFreq_Value=96000000
RCC.USART2Freq_Value=25000000
ProjectManager.DeletePrevious=true
RCC.UART8Freq_Value=25000000
PB14.Locked=true
RCC.APB1CLKDivider=RCC_HCLK_DIV4
PD9.Mode=Multiprocessor_communication
PinOutPanel.RotationAngle=0
RCC.FamilyName=M
RCC.SYSCLKSource=RCC_SYSCLKSOURCE_PLLCLK
ProjectManager.StackSize=0x400
RCC.LPTIM1Freq_Value=25000000
RCC.I2C3Freq_Value=25000000
Mcu.IP4=SYS
RCC.FCLKCortexFreq_Value=100000000
Mcu.IP5=USART3
Mcu.IP2=NVIC
NVIC.SVCall_IRQn=true\:0\:0\:false\:false\:true\:false\:false
Mcu.IP3=RCC
Mcu.IP0=CORTEX_M7
Mcu.IP1=I2C4
Mcu.UserConstants=
ProjectManager.TargetToolchain=STM32CubeIDE
RCC.LCDTFTFreq_Value=48000000
RCC.SDMMCFreq_Value=100000000
RCC.USART6Freq_Value=50000000
Mcu.ThirdPartyNb=0
I2C4.Timing=0x00200B2B
RCC.HCLKFreq_Value=100000000
RCC.I2C4Freq_Value=25000000
Mcu.IPNb=6
RCC.PLLI2SRoutputFreq_Value=96000000
ProjectManager.PreviousToolchain=
RCC.APB2TimFreq_Value=100000000
RCC.SPDIFRXFreq_Value=96000000
RCC.SAI2Freq_Value=96000000
PD8.Signal=USART3_TX
ProjectManager.RegisterCallBack=
RCC.USBFreq_Value=100000000
RCC.VCOSAIOutputFreq_Value=192000000
RCC.PLLSAIoutputFreq_Value=96000000
RCC.LSE_VALUE=32768
PD8.Mode=Multiprocessor_communication
RCC.AHBFreq_Value=100000000
Mcu.Pin0=PF14
Mcu.Pin1=PF15
Mcu.Pin2=PB14
Mcu.Pin3=PD8
RCC.USART3Freq_Value=25000000
Mcu.Pin4=PD9
RCC.VCOI2SOutputFreq_Value=192000000
PB14.Signal=GPIO_Output
Mcu.Pin5=VP_SYS_VS_Systick
RCC.PLLSAIRCLKFreq_Value=96000000
ProjectManager.ProjectBuild=false
RCC.HSE_VALUE=25000000
NVIC.UsageFault_IRQn=true\:0\:0\:false\:false\:true\:false\:false
NVIC.DebugMonitor_IRQn=true\:0\:0\:false\:false\:true\:false\:false
RCC.PLLSAIPCLKFreq_Value=96000000
board=custom
RCC.VCOOutputFreq_Value=200000000
NVIC.SysTick_IRQn=true\:0\:0\:false\:false\:true\:false\:true
ProjectManager.LastFirmware=false
ProjectManager.FirmwarePackage=STM32Cube FW_F7 V1.16.0
MxDb.Version=DB.6.0.21
RCC.APB2Freq_Value=50000000
RCC.UART4Freq_Value=25000000
ProjectManager.BackupPrevious=false
MxCube.Version=6.2.1
RCC.VCOInputFreq_Value=1000000
RCC.I2C1Freq_Value=25000000
RCC.PLLI2SPCLKFreq_Value=96000000
PF14.Mode=I2C
RCC.RNGFreq_Value=100000000
File.Version=6
VP_SYS_VS_Systick.Mode=SysTick
RCC.EthernetFreq_Value=100000000
NVIC.NonMaskableInt_IRQn=true\:0\:0\:false\:false\:true\:false\:false
PF15.Signal=I2C4_SDA
NVIC.PendSV_IRQn=true\:0\:0\:false\:false\:true\:false\:false
RCC.UART5Freq_Value=25000000
ProjectManager.FreePins=false
RCC.IPParameters=AHBFreq_Value,APB1CLKDivider,APB1Freq_Value,APB1TimFreq_Value,APB2CLKDivider,APB2Freq_Value,APB2TimFreq_Value,CECFreq_Value,CortexFreq_Value,DFSDMAudioFreq_Value,DFSDMFreq_Value,EthernetFreq_Value,FCLKCortexFreq_Value,FamilyName,HCLKFreq_Value,HSE_VALUE,HSI_VALUE,I2C1Freq_Value,I2C2Freq_Value,I2C3Freq_Value,I2C4Freq_Value,I2SFreq_Value,LCDTFTFreq_Value,LPTIM1Freq_Value,LSE_VALUE,LSI_VALUE,MCO2PinFreq_Value,PLLCLKFreq_Value,PLLI2SPCLKFreq_Value,PLLI2SQCLKFreq_Value,PLLI2SRCLKFreq_Value,PLLI2SRoutputFreq_Value,PLLN,PLLQCLKFreq_Value,PLLQoutputFreq_Value,PLLRFreq_Value,PLLSAIPCLKFreq_Value,PLLSAIQCLKFreq_Value,PLLSAIRCLKFreq_Value,PLLSAIoutputFreq_Value,RNGFreq_Value,SAI1Freq_Value,SAI2Freq_Value,SDMMC2Freq_Value,SDMMCFreq_Value,SPDIFRXFreq_Value,SYSCLKFreq_VALUE,SYSCLKSource,UART4Freq_Value,UART5Freq_Value,UART7Freq_Value,UART8Freq_Value,USART1Freq_Value,USART2Freq_Value,USART3Freq_Value,USART6Freq_Value,USBFreq_Value,VCOI2SOutputFreq_Value,VCOInputFreq_Value,VCOOutputFreq_Value,VCOSAIOutputFreq_Value
ProjectManager.AskForMigrate=true
Mcu.Name=STM32F767ZITx
RCC.PLLI2SQCLKFreq_Value=96000000
ProjectManager.HalAssertFull=false
ProjectManager.ProjectName=MPU6050_Lib
ProjectManager.UnderRoot=true
PF15.Mode=I2C
ProjectManager.CoupleFile=false
RCC.MCO2PinFreq_Value=100000000
RCC.SYSCLKFreq_VALUE=100000000
Mcu.Package=LQFP144
NVIC.ForceEnableDMAVector=true
KeepUserPlacement=false
NVIC.MemoryManagement_IRQn=true\:0\:0\:false\:false\:true\:false\:false
ProjectManager.CompilerOptimize=6
ProjectManager.ToolChainLocation=
RCC.LSI_VALUE=32000
VP_SYS_VS_Systick.Signal=SYS_VS_Systick
USART3.IPParameters=VirtualMode-Multiprocessor_communication
ProjectManager.HeapSize=0x200
NVIC.HardFault_IRQn=true\:0\:0\:false\:false\:true\:false\:false
RCC.DFSDMFreq_Value=50000000
ProjectManager.ComputerToolchain=false
RCC.HSI_VALUE=16000000
NVIC.PriorityGroup=NVIC_PRIORITYGROUP_4
RCC.APB2CLKDivider=RCC_HCLK_DIV2
RCC.PLLN=200
RCC.CECFreq_Value=32786.88524590164
PF14.Signal=I2C4_SCL
RCC.APB1TimFreq_Value=50000000
NVIC.BusFault_IRQn=true\:0\:0\:false\:false\:true\:false\:false
RCC.DFSDMAudioFreq_Value=96000000
RCC.I2C2Freq_Value=25000000
PD9.Locked=true
RCC.SDMMC2Freq_Value=100000000
RCC.APB1Freq_Value=25000000
ProjectManager.CustomerFirmwarePackage=
ProjectManager.DeviceId=STM32F767ZITx
ProjectManager.LibraryCopy=1
I2C4.IPParameters=I2C_Speed_Mode,Timing
RCC.PLLSAIQCLKFreq_Value=96000000
isbadioc=false
